
Microsoft Visual Studio Solution File, Format Version 12.00
# Visual Studio Version 17
VisualStudioVersion = 17.0.31903.59
MinimumVisualStudioVersion = 10.0.40219.1
Project("{FAE04EC0-301F-11D3-BF4B-00C04F79EFBC}") = "Domain", "Domain\Domain.csproj", "{BFD3E404-EB09-404C-8268-D7663642E4ED}"
EndProject
Project("{FAE04EC0-301F-11D3-BF4B-00C04F79EFBC}") = "Infrastructure", "Infrastructure\Infrastructure.csproj", "{0895BF94-5219-4A04-ACFD-9316F64C8643}"
EndProject
Project("{FAE04EC0-301F-11D3-BF4B-00C04F79EFBC}") = "RazorApp", "RazorApp\RazorApp.csproj", "{C30F4B09-ADD4-4772-9A75-3ABB5C50018C}"
EndProject
Global
	GlobalSection(SolutionConfigurationPlatforms) = preSolution
		Debug|Any CPU = Debug|Any CPU
		Release|Any CPU = Release|Any CPU
	EndGlobalSection
	GlobalSection(SolutionProperties) = preSolution
		HideSolutionNode = FALSE
	EndGlobalSection
	GlobalSection(ProjectConfigurationPlatforms) = postSolution
		{BFD3E404-EB09-404C-8268-D7663642E4ED}.Debug|Any CPU.ActiveCfg = Debug|Any CPU
		{BFD3E404-EB09-404C-8268-D7663642E4ED}.Debug|Any CPU.Build.0 = Debug|Any CPU
		{BFD3E404-EB09-404C-8268-D7663642E4ED}.Release|Any CPU.ActiveCfg = Release|Any CPU
		{BFD3E404-EB09-404C-8268-D7663642E4ED}.Release|Any CPU.Build.0 = Release|Any CPU
		{0895BF94-5219-4A04-ACFD-9316F64C8643}.Debug|Any CPU.ActiveCfg = Debug|Any CPU
		{0895BF94-5219-4A04-ACFD-9316F64C8643}.Debug|Any CPU.Build.0 = Debug|Any CPU
		{0895BF94-5219-4A04-ACFD-9316F64C8643}.Release|Any CPU.ActiveCfg = Release|Any CPU
		{0895BF94-5219-4A04-ACFD-9316F64C8643}.Release|Any CPU.Build.0 = Release|Any CPU
		{C30F4B09-ADD4-4772-9A75-3ABB5C50018C}.Debug|Any CPU.ActiveCfg = Debug|Any CPU
		{C30F4B09-ADD4-4772-9A75-3ABB5C50018C}.Debug|Any CPU.Build.0 = Debug|Any CPU
		{C30F4B09-ADD4-4772-9A75-3ABB5C50018C}.Release|Any CPU.ActiveCfg = Release|Any CPU
		{C30F4B09-ADD4-4772-9A75-3ABB5C50018C}.Release|Any CPU.Build.0 = Release|Any CPU
	EndGlobalSection
EndGlobal
